
Microsoft Visual Studio Solution File, Format Version 12.00
# Visual Studio Version 16
VisualStudioVersion = 16.0.29102.190
MinimumVisualStudioVersion = 10.0.40219.1
Project("{FAE04EC0-301F-11D3-BF4B-00C04F79EFBC}") = "Resotel", "Resotel\Resotel.csproj", "{4C5347AC-6FE0-4023-8D18-60EAF59840F4}"
EndProject
Global
	GlobalSection(SolutionConfigurationPlatforms) = preSolution
		Debug|Any CPU = Debug|Any CPU
		Release|Any CPU = Release|Any CPU
	EndGlobalSection
	GlobalSection(ProjectConfigurationPlatforms) = postSolution
		{4C5347AC-6FE0-4023-8D18-60EAF59840F4}.Debug|Any CPU.ActiveCfg = Debug|Any CPU
		{4C5347AC-6FE0-4023-8D18-60EAF59840F4}.Debug|Any CPU.Build.0 = Debug|Any CPU
		{4C5347AC-6FE0-4023-8D18-60EAF59840F4}.Release|Any CPU.ActiveCfg = Release|Any CPU
		{4C5347AC-6FE0-4023-8D18-60EAF59840F4}.Release|Any CPU.Build.0 = Release|Any CPU
	EndGlobalSection
	GlobalSection(SolutionProperties) = preSolution
		HideSolutionNode = FALSE
	EndGlobalSection
	GlobalSection(ExtensibilityGlobals) = postSolution
		SolutionGuid = {63731F2F-BDCD-45FE-914A-0CA630D93BD2}
	EndGlobalSection
EndGlobal
